
Microsoft Visual Studio Solution File, Format Version 11.00
# Visual Studio 2010
# SharpDevelop 5.1
Project("{FAE04EC0-301F-11D3-BF4B-00C04F79EFBC}") = "DocBleachShell", "DocBleachShell.csproj", "{6715737E-4832-4FF3-B858-C97957E1C921}"
EndProject
Global
	GlobalSection(SolutionConfigurationPlatforms) = preSolution
		Debug|Any CPU = Debug|Any CPU
		Release|Any CPU = Release|Any CPU
	EndGlobalSection
	GlobalSection(ProjectConfigurationPlatforms) = postSolution
		{6715737E-4832-4FF3-B858-C97957E1C921}.Debug|Any CPU.ActiveCfg = Debug|Any CPU
		{6715737E-4832-4FF3-B858-C97957E1C921}.Debug|Any CPU.Build.0 = Debug|Any CPU
		{6715737E-4832-4FF3-B858-C97957E1C921}.Release|Any CPU.ActiveCfg = Release|Any CPU
		{6715737E-4832-4FF3-B858-C97957E1C921}.Release|Any CPU.Build.0 = Release|Any CPU
	EndGlobalSection
EndGlobal
